
Microsoft Visual Studio Solution File, Format Version 12.00
# Visual Studio Version 17
VisualStudioVersion = 17.7.34024.191
MinimumVisualStudioVersion = 10.0.40219.1
Project("{FAE04EC0-301F-11D3-BF4B-00C04F79EFBC}") = "project#2", "project#2\project#2.csproj", "{C1079EC7-53EA-4017-8C55-A7D3BF167E4C}"
EndProject
Global
	GlobalSection(SolutionConfigurationPlatforms) = preSolution
		Debug|Any CPU = Debug|Any CPU
		Release|Any CPU = Release|Any CPU
	EndGlobalSection
	GlobalSection(ProjectConfigurationPlatforms) = postSolution
		{C1079EC7-53EA-4017-8C55-A7D3BF167E4C}.Debug|Any CPU.ActiveCfg = Debug|Any CPU
		{C1079EC7-53EA-4017-8C55-A7D3BF167E4C}.Debug|Any CPU.Build.0 = Debug|Any CPU
		{C1079EC7-53EA-4017-8C55-A7D3BF167E4C}.Release|Any CPU.ActiveCfg = Release|Any CPU
		{C1079EC7-53EA-4017-8C55-A7D3BF167E4C}.Release|Any CPU.Build.0 = Release|Any CPU
	EndGlobalSection
	GlobalSection(SolutionProperties) = preSolution
		HideSolutionNode = FALSE
	EndGlobalSection
	GlobalSection(ExtensibilityGlobals) = postSolution
		SolutionGuid = {2E4CD3FD-C399-40A0-BBC7-2EFB8DD2EE1F}
	EndGlobalSection
EndGlobal
